
Microsoft Visual Studio Solution File, Format Version 12.00
# Visual Studio 15
VisualStudioVersion = 15.0.27130.2036
MinimumVisualStudioVersion = 10.0.40219.1
Project("{D954291E-2A0B-460D-934E-DC6B0785DB48}") = "DropOff.Shared", "DropOff\DropOff.Shared\DropOff.Shared.shproj", "{6279C845-92F8-4333-AB99-3D213163593C}"
EndProject
Project("{FAE04EC0-301F-11D3-BF4B-00C04F79EFBC}") = "DropOff.UWP", "DropOff\DropOff.UWP\DropOff.UWP.csproj", "{302C4F50-92AE-424A-841F-4B4998384CF4}"
EndProject
Project("{FAE04EC0-301F-11D3-BF4B-00C04F79EFBC}") = "DropOff.Wasm", "DropOff\DropOff.Wasm\DropOff.Wasm.csproj", "{D571E6AC-EC11-4B99-A1A8-6BA3436D743E}"
EndProject
Global
	GlobalSection(SharedMSBuildProjectFiles) = preSolution
		DropOff\DropOff.Shared\DropOff.Shared.projitems*{6279c845-92f8-4333-ab99-3d213163593c}*SharedItemsImports = 13
	EndGlobalSection
	GlobalSection(SolutionConfigurationPlatforms) = preSolution
		Debug|Any CPU = Debug|Any CPU
		Debug|ARM = Debug|ARM
		Debug|x64 = Debug|x64
		Debug|x86 = Debug|x86
		Release|Any CPU = Release|Any CPU
		Release|ARM = Release|ARM
		Release|x64 = Release|x64
		Release|x86 = Release|x86
	EndGlobalSection
	GlobalSection(ProjectConfigurationPlatforms) = postSolution
		{302C4F50-92AE-424A-841F-4B4998384CF4}.Debug|Any CPU.ActiveCfg = Debug|x86
		{302C4F50-92AE-424A-841F-4B4998384CF4}.Debug|ARM.ActiveCfg = Debug|ARM
		{302C4F50-92AE-424A-841F-4B4998384CF4}.Debug|ARM.Build.0 = Debug|ARM
		{302C4F50-92AE-424A-841F-4B4998384CF4}.Debug|ARM.Deploy.0 = Debug|ARM
		{302C4F50-92AE-424A-841F-4B4998384CF4}.Debug|x64.ActiveCfg = Debug|x64
		{302C4F50-92AE-424A-841F-4B4998384CF4}.Debug|x64.Build.0 = Debug|x64
		{302C4F50-92AE-424A-841F-4B4998384CF4}.Debug|x64.Deploy.0 = Debug|x64
		{302C4F50-92AE-424A-841F-4B4998384CF4}.Debug|x86.ActiveCfg = Debug|x86
		{302C4F50-92AE-424A-841F-4B4998384CF4}.Debug|x86.Build.0 = Debug|x86
		{302C4F50-92AE-424A-841F-4B4998384CF4}.Debug|x86.Deploy.0 = Debug|x86
		{302C4F50-92AE-424A-841F-4B4998384CF4}.Release|Any CPU.ActiveCfg = Release|x86
		{302C4F50-92AE-424A-841F-4B4998384CF4}.Release|ARM.ActiveCfg = Release|ARM
		{302C4F50-92AE-424A-841F-4B4998384CF4}.Release|ARM.Build.0 = Release|ARM
		{302C4F50-92AE-424A-841F-4B4998384CF4}.Release|ARM.Deploy.0 = Release|ARM
		{302C4F50-92AE-424A-841F-4B4998384CF4}.Release|x64.ActiveCfg = Release|x64
		{302C4F50-92AE-424A-841F-4B4998384CF4}.Release|x64.Build.0 = Release|x64
		{302C4F50-92AE-424A-841F-4B4998384CF4}.Release|x64.Deploy.0 = Release|x64
		{302C4F50-92AE-424A-841F-4B4998384CF4}.Release|x86.ActiveCfg = Release|x86
		{302C4F50-92AE-424A-841F-4B4998384CF4}.Release|x86.Build.0 = Release|x86
		{302C4F50-92AE-424A-841F-4B4998384CF4}.Release|x86.Deploy.0 = Release|x86
		{D571E6AC-EC11-4B99-A1A8-6BA3436D743E}.Debug|Any CPU.ActiveCfg = Debug|Any CPU
		{D571E6AC-EC11-4B99-A1A8-6BA3436D743E}.Debug|Any CPU.Build.0 = Debug|Any CPU
		{D571E6AC-EC11-4B99-A1A8-6BA3436D743E}.Debug|ARM.ActiveCfg = Debug|Any CPU
		{D571E6AC-EC11-4B99-A1A8-6BA3436D743E}.Debug|ARM.Build.0 = Debug|Any CPU
		{D571E6AC-EC11-4B99-A1A8-6BA3436D743E}.Debug|x64.ActiveCfg = Debug|Any CPU
		{D571E6AC-EC11-4B99-A1A8-6BA3436D743E}.Debug|x64.Build.0 = Debug|Any CPU
		{D571E6AC-EC11-4B99-A1A8-6BA3436D743E}.Debug|x86.ActiveCfg = Debug|Any CPU
		{D571E6AC-EC11-4B99-A1A8-6BA3436D743E}.Debug|x86.Build.0 = Debug|Any CPU
		{D571E6AC-EC11-4B99-A1A8-6BA3436D743E}.Release|Any CPU.ActiveCfg = Release|Any CPU
		{D571E6AC-EC11-4B99-A1A8-6BA3436D743E}.Release|Any CPU.Build.0 = Release|Any CPU
		{D571E6AC-EC11-4B99-A1A8-6BA3436D743E}.Release|ARM.ActiveCfg = Release|Any CPU
		{D571E6AC-EC11-4B99-A1A8-6BA3436D743E}.Release|ARM.Build.0 = Release|Any CPU
		{D571E6AC-EC11-4B99-A1A8-6BA3436D743E}.Release|x64.ActiveCfg = Release|Any CPU
		{D571E6AC-EC11-4B99-A1A8-6BA3436D743E}.Release|x64.Build.0 = Release|Any CPU
		{D571E6AC-EC11-4B99-A1A8-6BA3436D743E}.Release|x86.ActiveCfg = Release|Any CPU
		{D571E6AC-EC11-4B99-A1A8-6BA3436D743E}.Release|x86.Build.0 = Release|Any CPU
	EndGlobalSection
	GlobalSection(SolutionProperties) = preSolution
		HideSolutionNode = FALSE
	EndGlobalSection
	GlobalSection(ExtensibilityGlobals) = postSolution
		SolutionGuid = {A3667F9F-234C-4B15-9ECB-8BEEA2FB3BE4}
	EndGlobalSection
EndGlobal
